
Microsoft Visual Studio Solution File, Format Version 12.00
# Visual Studio Version 16
VisualStudioVersion = 16.0.36422.26
MinimumVisualStudioVersion = 10.0.40219.1
Project("{FAE04EC0-301F-11D3-BF4B-00C04F79EFBC}") = "RLE", "RLE.csproj", "{B08771DC-D83C-4D43-A09A-56C094529F42}"
EndProject
Global
	GlobalSection(SolutionConfigurationPlatforms) = preSolution
		Debug|Any CPU = Debug|Any CPU
		Release|Any CPU = Release|Any CPU
	EndGlobalSection
	GlobalSection(ProjectConfigurationPlatforms) = postSolution
		{B08771DC-D83C-4D43-A09A-56C094529F42}.Debug|Any CPU.ActiveCfg = Debug|Any CPU
		{B08771DC-D83C-4D43-A09A-56C094529F42}.Debug|Any CPU.Build.0 = Debug|Any CPU
		{B08771DC-D83C-4D43-A09A-56C094529F42}.Release|Any CPU.ActiveCfg = Release|Any CPU
		{B08771DC-D83C-4D43-A09A-56C094529F42}.Release|Any CPU.Build.0 = Release|Any CPU
	EndGlobalSection
	GlobalSection(SolutionProperties) = preSolution
		HideSolutionNode = FALSE
	EndGlobalSection
	GlobalSection(ExtensibilityGlobals) = postSolution
		SolutionGuid = {313E0428-8840-4FEA-8AA1-D6222F1CE2BB}
	EndGlobalSection
EndGlobal
